
Microsoft Visual Studio Solution File, Format Version 12.00
# Visual Studio 15
VisualStudioVersion = 15.0.33403.129
MinimumVisualStudioVersion = 10.0.40219.1
Project("{FAE04EC0-301F-11D3-BF4B-00C04F79EFBC}") = "CapaNeg", "CapaNeg\CapaNeg.csproj", "{FD81F22A-DA59-404F-AF31-B7DD24DAA5DC}"
EndProject
Project("{FAE04EC0-301F-11D3-BF4B-00C04F79EFBC}") = "CapaDato", "CapaDato\CapaDato.csproj", "{DE778DF6-D1A1-40F2-98AC-1C2657A05849}"
EndProject
Project("{FAE04EC0-301F-11D3-BF4B-00C04F79EFBC}") = "CapaPresentacion", "CapaPresentacion\CapaPresentacion.csproj", "{84C2CB28-7953-403E-9CBD-41993C5E3F80}"
EndProject
Global
	GlobalSection(SolutionConfigurationPlatforms) = preSolution
		Debug|Any CPU = Debug|Any CPU
		Release|Any CPU = Release|Any CPU
	EndGlobalSection
	GlobalSection(ProjectConfigurationPlatforms) = postSolution
		{FD81F22A-DA59-404F-AF31-B7DD24DAA5DC}.Debug|Any CPU.ActiveCfg = Debug|Any CPU
		{FD81F22A-DA59-404F-AF31-B7DD24DAA5DC}.Debug|Any CPU.Build.0 = Debug|Any CPU
		{FD81F22A-DA59-404F-AF31-B7DD24DAA5DC}.Release|Any CPU.ActiveCfg = Release|Any CPU
		{FD81F22A-DA59-404F-AF31-B7DD24DAA5DC}.Release|Any CPU.Build.0 = Release|Any CPU
		{DE778DF6-D1A1-40F2-98AC-1C2657A05849}.Debug|Any CPU.ActiveCfg = Debug|Any CPU
		{DE778DF6-D1A1-40F2-98AC-1C2657A05849}.Debug|Any CPU.Build.0 = Debug|Any CPU
		{DE778DF6-D1A1-40F2-98AC-1C2657A05849}.Release|Any CPU.ActiveCfg = Release|Any CPU
		{DE778DF6-D1A1-40F2-98AC-1C2657A05849}.Release|Any CPU.Build.0 = Release|Any CPU
		{84C2CB28-7953-403E-9CBD-41993C5E3F80}.Debug|Any CPU.ActiveCfg = Debug|Any CPU
		{84C2CB28-7953-403E-9CBD-41993C5E3F80}.Debug|Any CPU.Build.0 = Debug|Any CPU
		{84C2CB28-7953-403E-9CBD-41993C5E3F80}.Release|Any CPU.ActiveCfg = Release|Any CPU
		{84C2CB28-7953-403E-9CBD-41993C5E3F80}.Release|Any CPU.Build.0 = Release|Any CPU
	EndGlobalSection
	GlobalSection(SolutionProperties) = preSolution
		HideSolutionNode = FALSE
	EndGlobalSection
	GlobalSection(ExtensibilityGlobals) = postSolution
		SolutionGuid = {8E6BD2D0-6313-427A-A29F-CF0FD2C19FB2}
	EndGlobalSection
EndGlobal
